
Microsoft Visual Studio Solution File, Format Version 12.00
# Visual Studio Version 17
VisualStudioVersion = 17.4.33213.308
MinimumVisualStudioVersion = 10.0.40219.1
Project("{FAE04EC0-301F-11D3-BF4B-00C04F79EFBC}") = "ChatGPT.APIClient", "ChatGPT.APIClient\ChatGPT.APIClient.csproj", "{7299BA17-3C3E-408D-AD2D-73C7A2B82EFD}"
EndProject
Global
	GlobalSection(SolutionConfigurationPlatforms) = preSolution
		Debug|Any CPU = Debug|Any CPU
		Release|Any CPU = Release|Any CPU
	EndGlobalSection
	GlobalSection(ProjectConfigurationPlatforms) = postSolution
		{7299BA17-3C3E-408D-AD2D-73C7A2B82EFD}.Debug|Any CPU.ActiveCfg = Debug|Any CPU
		{7299BA17-3C3E-408D-AD2D-73C7A2B82EFD}.Debug|Any CPU.Build.0 = Debug|Any CPU
		{7299BA17-3C3E-408D-AD2D-73C7A2B82EFD}.Release|Any CPU.ActiveCfg = Release|Any CPU
		{7299BA17-3C3E-408D-AD2D-73C7A2B82EFD}.Release|Any CPU.Build.0 = Release|Any CPU
	EndGlobalSection
	GlobalSection(SolutionProperties) = preSolution
		HideSolutionNode = FALSE
	EndGlobalSection
	GlobalSection(ExtensibilityGlobals) = postSolution
		SolutionGuid = {BDCEF825-AF1A-43E0-A2C7-C6EFE9F9C3B1}
	EndGlobalSection
EndGlobal
